lockfileVersion: '9.0'

settings:
  autoInstallPeers: true
  excludeLinksFromLockfile: false

importers:

  .:
    dependencies:
      '@kttf/shared':
        specifier: github:goats-web-studio/kttf-shared#3d25cf1b41435e733ba925fcaa8763e63383e03c
        version: https://codeload.github.com/goats-web-studio/kttf-shared/tar.gz/3d25cf1b41435e733ba925fcaa8763e63383e03c

packages:

  '@kttf/shared@https://codeload.github.com/goats-web-studio/kttf-shared/tar.gz/3d25cf1b41435e733ba925fcaa8763e63383e03c':
    resolution: {gitHosted: true, tarball: https://codeload.github.com/goats-web-studio/kttf-shared/tar.gz/3d25cf1b41435e733ba925fcaa8763e63383e03c}
    version: 0.1.0
    engines: {node: '>=24'}

snapshots:

  '@kttf/shared@https://codeload.github.com/goats-web-studio/kttf-shared/tar.gz/3d25cf1b41435e733ba925fcaa8763e63383e03c': {}
